
Microsoft Visual Studio Solution File, Format Version 12.00
# Visual Studio 15
VisualStudioVersion = 15.0.28307.757
MinimumVisualStudioVersion = 10.0.40219.1
Project("{FAE04EC0-301F-11D3-BF4B-00C04F79EFBC}") = "David.Products.Domain", "David.Products.Domain\David.Products.Domain.csproj", "{1BB9EAB7-D606-45D0-BBDE-9BD442DCE4F0}"
EndProject
Project("{FAE04EC0-301F-11D3-BF4B-00C04F79EFBC}") = "David.Products.API", "David.Products.API\David.Products.API.csproj", "{F418C344-9395-4DBD-839D-BE2BFD582D60}"
EndProject
Project("{FAE04EC0-301F-11D3-BF4B-00C04F79EFBC}") = "David.Products.UI", "David.Products.UI\David.Products.UI.csproj", "{44386B8A-885F-4167-99A5-A0C8E611402D}"
EndProject
Project("{FAE04EC0-301F-11D3-BF4B-00C04F79EFBC}") = "David.Products.UI.BusinessLayer", "David.Products.UI.BusinessLayer\David.Products.UI.BusinessLayer.csproj", "{2B4610A6-9A64-4D8E-ADCD-1974D58A9FD3}"
EndProject
Project("{FAE04EC0-301F-11D3-BF4B-00C04F79EFBC}") = "David.Products.Common", "David.Products.Common\David.Products.Common.csproj", "{DA517D49-551C-4C61-AF7D-80A185EC9C75}"
EndProject
Project("{2150E333-8FDC-42A3-9474-1A3956D46DE8}") = "API", "API", "{2AAB51BC-AD32-4C78-A652-A81FE240ADDD}"
EndProject
Project("{2150E333-8FDC-42A3-9474-1A3956D46DE8}") = "Common", "Common", "{5A9EDA23-E517-4BE2-92DA-EEF91C7B8986}"
EndProject
Project("{2150E333-8FDC-42A3-9474-1A3956D46DE8}") = "UI", "UI", "{A0CF24A5-46F3-4EC4-B88C-EB5BDE1B37D5}"
EndProject
Global
	GlobalSection(SolutionConfigurationPlatforms) = preSolution
		Debug|Any CPU = Debug|Any CPU
		Release|Any CPU = Release|Any CPU
	EndGlobalSection
	GlobalSection(ProjectConfigurationPlatforms) = postSolution
		{1BB9EAB7-D606-45D0-BBDE-9BD442DCE4F0}.Debug|Any CPU.ActiveCfg = Debug|Any CPU
		{1BB9EAB7-D606-45D0-BBDE-9BD442DCE4F0}.Debug|Any CPU.Build.0 = Debug|Any CPU
		{1BB9EAB7-D606-45D0-BBDE-9BD442DCE4F0}.Release|Any CPU.ActiveCfg = Release|Any CPU
		{1BB9EAB7-D606-45D0-BBDE-9BD442DCE4F0}.Release|Any CPU.Build.0 = Release|Any CPU
		{F418C344-9395-4DBD-839D-BE2BFD582D60}.Debug|Any CPU.ActiveCfg = Debug|Any CPU
		{F418C344-9395-4DBD-839D-BE2BFD582D60}.Debug|Any CPU.Build.0 = Debug|Any CPU
		{F418C344-9395-4DBD-839D-BE2BFD582D60}.Release|Any CPU.ActiveCfg = Release|Any CPU
		{F418C344-9395-4DBD-839D-BE2BFD582D60}.Release|Any CPU.Build.0 = Release|Any CPU
		{44386B8A-885F-4167-99A5-A0C8E611402D}.Debug|Any CPU.ActiveCfg = Debug|Any CPU
		{44386B8A-885F-4167-99A5-A0C8E611402D}.Debug|Any CPU.Build.0 = Debug|Any CPU
		{44386B8A-885F-4167-99A5-A0C8E611402D}.Release|Any CPU.ActiveCfg = Release|Any CPU
		{44386B8A-885F-4167-99A5-A0C8E611402D}.Release|Any CPU.Build.0 = Release|Any CPU
		{2B4610A6-9A64-4D8E-ADCD-1974D58A9FD3}.Debug|Any CPU.ActiveCfg = Debug|Any CPU
		{2B4610A6-9A64-4D8E-ADCD-1974D58A9FD3}.Debug|Any CPU.Build.0 = Debug|Any CPU
		{2B4610A6-9A64-4D8E-ADCD-1974D58A9FD3}.Release|Any CPU.ActiveCfg = Release|Any CPU
		{2B4610A6-9A64-4D8E-ADCD-1974D58A9FD3}.Release|Any CPU.Build.0 = Release|Any CPU
		{DA517D49-551C-4C61-AF7D-80A185EC9C75}.Debug|Any CPU.ActiveCfg = Debug|Any CPU
		{DA517D49-551C-4C61-AF7D-80A185EC9C75}.Debug|Any CPU.Build.0 = Debug|Any CPU
		{DA517D49-551C-4C61-AF7D-80A185EC9C75}.Release|Any CPU.ActiveCfg = Release|Any CPU
		{DA517D49-551C-4C61-AF7D-80A185EC9C75}.Release|Any CPU.Build.0 = Release|Any CPU
	EndGlobalSection
	GlobalSection(SolutionProperties) = preSolution
		HideSolutionNode = FALSE
	EndGlobalSection
	GlobalSection(NestedProjects) = preSolution
		{1BB9EAB7-D606-45D0-BBDE-9BD442DCE4F0} = {5A9EDA23-E517-4BE2-92DA-EEF91C7B8986}
		{F418C344-9395-4DBD-839D-BE2BFD582D60} = {2AAB51BC-AD32-4C78-A652-A81FE240ADDD}
		{44386B8A-885F-4167-99A5-A0C8E611402D} = {A0CF24A5-46F3-4EC4-B88C-EB5BDE1B37D5}
		{2B4610A6-9A64-4D8E-ADCD-1974D58A9FD3} = {A0CF24A5-46F3-4EC4-B88C-EB5BDE1B37D5}
		{DA517D49-551C-4C61-AF7D-80A185EC9C75} = {5A9EDA23-E517-4BE2-92DA-EEF91C7B8986}
	EndGlobalSection
	GlobalSection(ExtensibilityGlobals) = postSolution
		SolutionGuid = {6BDB0FBC-D086-4DC2-BA3A-C7640722A866}
	EndGlobalSection
EndGlobal
